PODS:
  - Flutter (1.0.0)
  - rx_connectivity_checker (1.0.1):
    - Flutter

DEPENDENCIES:
  - Flutter (from `Flutter`)
  - rx_connectivity_checker (from `.symlinks/plugins/rx_connectivity_checker/ios`)

EXTERNAL SOURCES:
  Flutter:
    :path: Flutter
  rx_connectivity_checker:
    :path: ".symlinks/plugins/rx_connectivity_checker/ios"

SPEC CHECKSUMS:
  Flutter: cabc95a1d2626b1b06e7179b784ebcf0c0cde467
  rx_connectivity_checker: 3dae0b0a77ec4f5f8e283c12c7da045244bafe53

PODFILE CHECKSUM: e30f02f9d1c72c47bb6344a0a748c9d268180865

COCOAPODS: 1.16.2
