PODS:
  - FlutterMacOS (1.0.0)
  - rx_connectivity_checker (1.0.1):
    - FlutterMacOS

DEPENDENCIES:
  - FlutterMacOS (from `Flutter/ephemeral`)
  - rx_connectivity_checker (from `Flutter/ephemeral/.symlinks/plugins/rx_connectivity_checker/macos`)

EXTERNAL SOURCES:
  FlutterMacOS:
    :path: Flutter/ephemeral
  rx_connectivity_checker:
    :path: Flutter/ephemeral/.symlinks/plugins/rx_connectivity_checker/macos

SPEC CHECKSUMS:
  FlutterMacOS: d0db08ddef1a9af05a5ec4b724367152bb0500b1
  rx_connectivity_checker: b88c990b67d99f090ee06acfd6d22d391dbb3c09

PODFILE CHECKSUM: 54d867c82ac51cbd61b565781b9fada492027009

COCOAPODS: 1.16.2
